
Microsoft Visual Studio Solution File, Format Version 12.00
# Visual Studio Version 16
VisualStudioVersion = 16.0.31321.278
MinimumVisualStudioVersion = 10.0.40219.1
Project("{FAE04EC0-301F-11D3-BF4B-00C04F79EFBC}") = "ScoreBoard", "ScoreBoard.csproj", "{DA0B53BC-B614-4668-BC03-F1EC3EC201E7}"
EndProject
Global
	GlobalSection(SolutionConfigurationPlatforms) = preSolution
		Debug|Any CPU = Debug|Any CPU
		Release|Any CPU = Release|Any CPU
	EndGlobalSection
	GlobalSection(ProjectConfigurationPlatforms) = postSolution
		{DA0B53BC-B614-4668-BC03-F1EC3EC201E7}.Debug|Any CPU.ActiveCfg = Debug|Any CPU
		{DA0B53BC-B614-4668-BC03-F1EC3EC201E7}.Debug|Any CPU.Build.0 = Debug|Any CPU
		{DA0B53BC-B614-4668-BC03-F1EC3EC201E7}.Release|Any CPU.ActiveCfg = Release|Any CPU
		{DA0B53BC-B614-4668-BC03-F1EC3EC201E7}.Release|Any CPU.Build.0 = Release|Any CPU
	EndGlobalSection
	GlobalSection(SolutionProperties) = preSolution
		HideSolutionNode = FALSE
	EndGlobalSection
	GlobalSection(ExtensibilityGlobals) = postSolution
		SolutionGuid = {68BAE0F8-1E1C-4020-AD0E-6BC86DCF391A}
	EndGlobalSection
EndGlobal
